
Microsoft Visual Studio Solution File, Format Version 12.00
# Visual Studio Version 17
VisualStudioVersion = 17.9.34723.18
MinimumVisualStudioVersion = 10.0.40219.1
Project("{FAE04EC0-301F-11D3-BF4B-00C04F79EFBC}") = "CSharpDesignPatternsPractice", "CSharpDesignPatternsPractice\CSharpDesignPatternsPractice.csproj", "{DCB1600D-7830-4B36-B50F-9F56DB6D4318}"
EndProject
Global
	GlobalSection(SolutionConfigurationPlatforms) = preSolution
		Debug|Any CPU = Debug|Any CPU
		Release|Any CPU = Release|Any CPU
	EndGlobalSection
	GlobalSection(ProjectConfigurationPlatforms) = postSolution
		{DCB1600D-7830-4B36-B50F-9F56DB6D4318}.Debug|Any CPU.ActiveCfg = Debug|Any CPU
		{DCB1600D-7830-4B36-B50F-9F56DB6D4318}.Debug|Any CPU.Build.0 = Debug|Any CPU
		{DCB1600D-7830-4B36-B50F-9F56DB6D4318}.Release|Any CPU.ActiveCfg = Release|Any CPU
		{DCB1600D-7830-4B36-B50F-9F56DB6D4318}.Release|Any CPU.Build.0 = Release|Any CPU
	EndGlobalSection
	GlobalSection(SolutionProperties) = preSolution
		HideSolutionNode = FALSE
	EndGlobalSection
	GlobalSection(ExtensibilityGlobals) = postSolution
		SolutionGuid = {A1F111E8-9387-4C76-9F54-178FAE6FC538}
	EndGlobalSection
EndGlobal
